
Microsoft Visual Studio Solution File, Format Version 12.00
# Visual Studio 14
VisualStudioVersion = 14.0.25420.1
MinimumVisualStudioVersion = 10.0.40219.1
Project("{FAE04EC0-301F-11D3-BF4B-00C04F79EFBC}") = "WcfService", "WcfService\WcfService.csproj", "{D52924DB-CEAA-46E4-8625-A35DBDFE83CC}"
EndProject
Project("{FAE04EC0-301F-11D3-BF4B-00C04F79EFBC}") = "WcfHost", "WcfHost\WcfHost.csproj", "{E0450123-E10E-47ED-A719-5BE17F954215}"
EndProject
Global
	GlobalSection(SolutionConfigurationPlatforms) = preSolution
		Debug|Any CPU = Debug|Any CPU
		Release|Any CPU = Release|Any CPU
	EndGlobalSection
	GlobalSection(ProjectConfigurationPlatforms) = postSolution
		{D52924DB-CEAA-46E4-8625-A35DBDFE83CC}.Debug|Any CPU.ActiveCfg = Debug|Any CPU
		{D52924DB-CEAA-46E4-8625-A35DBDFE83CC}.Debug|Any CPU.Build.0 = Debug|Any CPU
		{D52924DB-CEAA-46E4-8625-A35DBDFE83CC}.Release|Any CPU.ActiveCfg = Release|Any CPU
		{D52924DB-CEAA-46E4-8625-A35DBDFE83CC}.Release|Any CPU.Build.0 = Release|Any CPU
		{E0450123-E10E-47ED-A719-5BE17F954215}.Debug|Any CPU.ActiveCfg = Debug|Any CPU
		{E0450123-E10E-47ED-A719-5BE17F954215}.Debug|Any CPU.Build.0 = Debug|Any CPU
		{E0450123-E10E-47ED-A719-5BE17F954215}.Release|Any CPU.ActiveCfg = Release|Any CPU
		{E0450123-E10E-47ED-A719-5BE17F954215}.Release|Any CPU.Build.0 = Release|Any CPU
	EndGlobalSection
	GlobalSection(SolutionProperties) = preSolution
		HideSolutionNode = FALSE
	EndGlobalSection
EndGlobal
